<?xml version="1.0" encoding="utf-8"?>
<Project ToolsVersion="4.0" xmlns="http://schemas.microsoft.com/developer/msbuild/2003">
  <ItemGroup>
    <Filter Include="Source Files">
      <UniqueIdentifier>{4FC737F1-C7A5-4376-A066-2A32D752A2FF}</UniqueIdentifier>
      <Extensions>cpp;c;cxx;def;odl;idl;hpj;bat;asm;asmx</Extensions>
    </Filter>
    <Filter Include="Header Files">
      <UniqueIdentifier>{93995380-89BD-4b04-88EB-625FBE52EBFB}</UniqueIdentifier>
      <Extensions>h;hpp;hxx;hm;inl;inc;xsd</Extensions>
    </Filter>
    <Filter Include="Resource Files">
      <UniqueIdentifier>{67DA6AB6-F800-4c08-8B7A-83BB121AAD01}</UniqueIdentifier>
      <Extensions>rc;ico;cur;bmp;dlg;rc2;rct;bin;rgs;gif;jpg;jpeg;jpe;resx</Extensions>
    </Filter>
    <Filter Include="ThirdParty">
      <UniqueIdentifier>{3a31aa3c-9f15-4a33-bf5c-b9153d1e757a}</UniqueIdentifier>
    </Filter>
    <Filter Include="ThirdParty\plugintemplate">
      <UniqueIdentifier>{5b794f9e-baf6-4faf-98a6-741b4918d410}</UniqueIdentifier>
    </Filter>
    <Filter Include="ThirdParty\plugintemplate\DockingFeature">
      <UniqueIdentifier>{072ab05e-efec-4d68-9a86-dbdf2bdaec4d}</UniqueIdentifier>
    </Filter>
  </ItemGroup>
  <ItemGroup>
    <ClCompile Include="AboutDlg.cpp">
      <Filter>Source Files</Filter>
    </ClCompile>
    <ClCompile Include="dllmain.cpp">
      <Filter>Source Files</Filter>
    </ClCompile>
    <ClCompile Include="JsonHandler.cpp">
      <Filter>Source Files</Filter>
    </ClCompile>
    <ClCompile Include="JsonViewDlg.cpp">
      <Filter>Source Files</Filter>
    </ClCompile>
    <ClCompile Include="NppJsonPlugin.cpp">
      <Filter>Source Files</Filter>
    </ClCompile>
    <ClCompile Include="Profile.cpp">
      <Filter>Source Files</Filter>
    </ClCompile>
    <ClCompile Include="RapidJsonHandler.cpp">
      <Filter>Source Files</Filter>
    </ClCompile>
    <ClCompile Include="ScintillaEditor.cpp">
      <Filter>Source Files</Filter>
    </ClCompile>
    <ClCompile Include="SettingsDlg.cpp">
      <Filter>Source Files</Filter>
    </ClCompile>
    <ClCompile Include="ShortcutCommand.cpp">
      <Filter>Source Files</Filter>
    </ClCompile>
    <ClCompile Include="SliderCtrl.cpp">
      <Filter>Source Files</Filter>
    </ClCompile>
    <ClCompile Include="TreeViewCtrl.cpp">
      <Filter>Source Files</Filter>
    </ClCompile>
    <ClCompile Include="plugintemplate\DockingFeature\StaticDialog.cpp">
      <Filter>ThirdParty\plugintemplate\DockingFeature</Filter>
    </ClCompile>
  </ItemGroup>
  <ItemGroup>
    <ClInclude Include="AboutDlg.h">
      <Filter>Header Files</Filter>
    </ClInclude>
    <ClInclude Include="Define.h">
      <Filter>Header Files</Filter>
    </ClInclude>
    <ClInclude Include="JsonHandler.h">
      <Filter>Header Files</Filter>
    </ClInclude>
    <ClInclude Include="JsonNode.h">
      <Filter>Header Files</Filter>
    </ClInclude>
    <ClInclude Include="JsonViewDlg.h">
      <Filter>Header Files</Filter>
    </ClInclude>
    <ClInclude Include="NppJsonPlugin.h">
      <Filter>Header Files</Filter>
    </ClInclude>
    <ClInclude Include="Profile.h">
      <Filter>Header Files</Filter>
    </ClInclude>
    <ClInclude Include="RapidJsonHandler.h">
      <Filter>Header Files</Filter>
    </ClInclude>
    <ClInclude Include="resource.h">
      <Filter>Header Files</Filter>
    </ClInclude>
    <ClInclude Include="ScintillaEditor.h">
      <Filter>Header Files</Filter>
    </ClInclude>
    <ClInclude Include="SettingsDlg.h">
      <Filter>Header Files</Filter>
    </ClInclude>
    <ClInclude Include="ShortcutCommand.h">
      <Filter>Header Files</Filter>
    </ClInclude>
    <ClInclude Include="SliderCtrl.h">
      <Filter>Header Files</Filter>
    </ClInclude>
    <ClInclude Include="StopWatch.h">
      <Filter>Header Files</Filter>
    </ClInclude>
    <ClInclude Include="TrackingStream.h">
      <Filter>Header Files</Filter>
    </ClInclude>
    <ClInclude Include="TreeHandler.h">
      <Filter>Header Files</Filter>
    </ClInclude>
    <ClInclude Include="TreeViewCtrl.h">
      <Filter>Header Files</Filter>
    </ClInclude>
    <ClInclude Include="plugintemplate\DockingFeature\Docking.h">
      <Filter>ThirdParty\plugintemplate\DockingFeature</Filter>
    </ClInclude>
    <ClInclude Include="plugintemplate\DockingFeature\DockingDlgInterface.h">
      <Filter>ThirdParty\plugintemplate\DockingFeature</Filter>
    </ClInclude>
    <ClInclude Include="plugintemplate\DockingFeature\dockingResource.h">
      <Filter>ThirdParty\plugintemplate\DockingFeature</Filter>
    </ClInclude>
    <ClInclude Include="plugintemplate\DockingFeature\StaticDialog.h">
      <Filter>ThirdParty\plugintemplate\DockingFeature</Filter>
    </ClInclude>
    <ClInclude Include="plugintemplate\DockingFeature\Window.h">
      <Filter>ThirdParty\plugintemplate\DockingFeature</Filter>
    </ClInclude>
    <ClInclude Include="plugintemplate\menuCmdID.h">
      <Filter>ThirdParty\plugintemplate</Filter>
    </ClInclude>
    <ClInclude Include="plugintemplate\Notepad_plus_msgs.h">
      <Filter>ThirdParty\plugintemplate</Filter>
    </ClInclude>
    <ClInclude Include="plugintemplate\PluginInterface.h">
      <Filter>ThirdParty\plugintemplate</Filter>
    </ClInclude>
    <ClInclude Include="plugintemplate\Sci_Position.h">
      <Filter>ThirdParty\plugintemplate</Filter>
    </ClInclude>
    <ClInclude Include="plugintemplate\Scintilla.h">
      <Filter>ThirdParty\plugintemplate</Filter>
    </ClInclude>
  </ItemGroup>
  <ItemGroup>
    <ResourceCompile Include="resource.rc">
      <Filter>Resource Files</Filter>
    </ResourceCompile>
  </ItemGroup>
  <ItemGroup>
    <Image Include="res\Refresh.ico">
      <Filter>Resource Files</Filter>
    </Image>
    <Image Include="res\search.ico">
      <Filter>Resource Files</Filter>
    </Image>
    <Image Include="res\format.ico">
      <Filter>Resource Files</Filter>
    </Image>
    <Image Include="res\validate.ico">
      <Filter>Resource Files</Filter>
    </Image>
    <Image Include="res\Icon.ico">
      <Filter>Resource Files</Filter>
    </Image>
  </ItemGroup>
</Project>