
Microsoft Visual Studio Solution File, Format Version 12.00
# Visual Studio Version 17
VisualStudioVersion = 17.3.32804.467
MinimumVisualStudioVersion = 10.0.40219.1
Project("{8BC9CEB8-8B4A-11D0-8D11-00A0C91BC942}") = "NPPJSONViewer", "NppJsonViewer\NPPJSONViewer.vcxproj", "{1590D7CD-7D3A-4AB7-A355-EE02F7FB987D}"
EndProject
Project("{8BC9CEB8-8B4A-11D0-8D11-00A0C91BC942}") = "UtilityLib", "UtilityLib\UtilityLib.vcxproj", "{171CAFC6-E679-4B81-BF5B-049AC0FAB4F8}"
EndProject
Global
	GlobalSection(SolutionConfigurationPlatforms) = preSolution
		Debug|ARM64 = Debug|ARM64
		Debug|Win32 = Debug|Win32
		Debug|x64 = Debug|x64
		Release|ARM64 = Release|ARM64
		Release|Win32 = Release|Win32
		Release|x64 = Release|x64
	EndGlobalSection
	GlobalSection(ProjectConfigurationPlatforms) = postSolution
		{1590D7CD-7D3A-4AB7-A355-EE02F7FB987D}.Debug|ARM64.ActiveCfg = Debug|ARM64
		{1590D7CD-7D3A-4AB7-A355-EE02F7FB987D}.Debug|ARM64.Build.0 = Debug|ARM64
		{1590D7CD-7D3A-4AB7-A355-EE02F7FB987D}.Debug|Win32.ActiveCfg = Debug|Win32
		{1590D7CD-7D3A-4AB7-A355-EE02F7FB987D}.Debug|Win32.Build.0 = Debug|Win32
		{1590D7CD-7D3A-4AB7-A355-EE02F7FB987D}.Debug|x64.ActiveCfg = Debug|x64
		{1590D7CD-7D3A-4AB7-A355-EE02F7FB987D}.Debug|x64.Build.0 = Debug|x64
		{1590D7CD-7D3A-4AB7-A355-EE02F7FB987D}.Release|ARM64.ActiveCfg = Release|ARM64
		{1590D7CD-7D3A-4AB7-A355-EE02F7FB987D}.Release|ARM64.Build.0 = Release|ARM64
		{1590D7CD-7D3A-4AB7-A355-EE02F7FB987D}.Release|Win32.ActiveCfg = Release|Win32
		{1590D7CD-7D3A-4AB7-A355-EE02F7FB987D}.Release|Win32.Build.0 = Release|Win32
		{1590D7CD-7D3A-4AB7-A355-EE02F7FB987D}.Release|x64.ActiveCfg = Release|x64
		{1590D7CD-7D3A-4AB7-A355-EE02F7FB987D}.Release|x64.Build.0 = Release|x64
		{171CAFC6-E679-4B81-BF5B-049AC0FAB4F8}.Debug|ARM64.ActiveCfg = Debug|ARM64
		{171CAFC6-E679-4B81-BF5B-049AC0FAB4F8}.Debug|ARM64.Build.0 = Debug|ARM64
		{171CAFC6-E679-4B81-BF5B-049AC0FAB4F8}.Debug|Win32.ActiveCfg = Debug|Win32
		{171CAFC6-E679-4B81-BF5B-049AC0FAB4F8}.Debug|Win32.Build.0 = Debug|Win32
		{171CAFC6-E679-4B81-BF5B-049AC0FAB4F8}.Debug|x64.ActiveCfg = Debug|x64
		{171CAFC6-E679-4B81-BF5B-049AC0FAB4F8}.Debug|x64.Build.0 = Debug|x64
		{171CAFC6-E679-4B81-BF5B-049AC0FAB4F8}.Release|ARM64.ActiveCfg = Release|ARM64
		{171CAFC6-E679-4B81-BF5B-049AC0FAB4F8}.Release|ARM64.Build.0 = Release|ARM64
		{171CAFC6-E679-4B81-BF5B-049AC0FAB4F8}.Release|Win32.ActiveCfg = Release|Win32
		{171CAFC6-E679-4B81-BF5B-049AC0FAB4F8}.Release|Win32.Build.0 = Release|Win32
		{171CAFC6-E679-4B81-BF5B-049AC0FAB4F8}.Release|x64.ActiveCfg = Release|x64
		{171CAFC6-E679-4B81-BF5B-049AC0FAB4F8}.Release|x64.Build.0 = Release|x64
	EndGlobalSection
	GlobalSection(SolutionProperties) = preSolution
		HideSolutionNode = FALSE
	EndGlobalSection
	GlobalSection(ExtensibilityGlobals) = postSolution
		SolutionGuid = {66FFEF3A-7122-49C7-8CE4-4704DFB30594}
	EndGlobalSection
EndGlobal
